
Microsoft Visual Studio Solution File, Format Version 12.00
# Visual Studio Version 16
VisualStudioVersion = 16.0.29728.190
MinimumVisualStudioVersion = 10.0.40219.1
Project("{2150E333-8FDC-42A3-9474-1A3956D46DE8}") = "Modules", "Modules", "{E6D1396D-6791-40F6-AB4C-684FA840D27D}"
EndProject
Project("{2150E333-8FDC-42A3-9474-1A3956D46DE8}") = "Hosting", "Hosting", "{AB9BA6C4-03DC-4709-ABA0-F75CBD2C1B83}"
EndProject
Project("{9A19103F-16F7-4668-BE54-9A1E7A4F7556}") = "Ahedfi.Component.Hosting.Domain", "Ahedfi.Component.Hosting.Domain\Ahedfi.Component.Hosting.Domain.csproj", "{0AD3DA17-983C-4515-861D-0977246BE70B}"
EndProject
Project("{2150E333-8FDC-42A3-9474-1A3956D46DE8}") = "Builder", "Builder", "{EB245CCE-92C4-4ACB-B43D-AF9530D97EBA}"
EndProject
Project("{9A19103F-16F7-4668-BE54-9A1E7A4F7556}") = "Ahedfi.Component.Builder.Domain", "Ahedfi.Component.Builder.Domain\Ahedfi.Component.Builder.Domain.csproj", "{A7074BA3-37D7-4D3B-9751-5E581AD99EB8}"
EndProject
Project("{2150E333-8FDC-42A3-9474-1A3956D46DE8}") = "Core", "Core", "{3EAE3BEA-781A-4734-9EE0-192F9926E9D5}"
EndProject
Project("{9A19103F-16F7-4668-BE54-9A1E7A4F7556}") = "Ahedfi.Component.Core.Domain", "Ahedfi.Component.Core.Domain\Ahedfi.Component.Core.Domain.csproj", "{E71FA9D2-41E8-402D-B8C6-0B4D708E390D}"
EndProject
Project("{2150E333-8FDC-42A3-9474-1A3956D46DE8}") = "Data", "Data", "{8BCD671D-F2BB-4DF1-9FB5-0E53ED4A06B5}"
EndProject
Project("{9A19103F-16F7-4668-BE54-9A1E7A4F7556}") = "Ahedfi.Component.Data.Domain", "Ahedfi.Component.Data.Domain\Ahedfi.Component.Data.Domain.csproj", "{59C9ACBF-33A1-4472-B2C0-71F9633586AC}"
EndProject
Project("{9A19103F-16F7-4668-BE54-9A1E7A4F7556}") = "Ahedfi.Component.Data.Infrastructure", "Ahedfi.Component.Data.Infrastructure\Ahedfi.Component.Data.Infrastructure.csproj", "{0C3E9F91-DCD3-4683-B989-96567AE299A4}"
EndProject
Project("{9A19103F-16F7-4668-BE54-9A1E7A4F7556}") = "Ahedfi.Component.Services.Domain", "Ahedfi.Component.Services.Domain\Ahedfi.Component.Services.Domain.csproj", "{9C6BE9ED-6487-4307-92F1-A4329DF12E59}"
EndProject
Project("{2150E333-8FDC-42A3-9474-1A3956D46DE8}") = "Services", "Services", "{65047884-7F60-4062-B46D-B66FFAC8E677}"
EndProject
Project("{9A19103F-16F7-4668-BE54-9A1E7A4F7556}") = "Ahedfi.Component.Services.Infrastructure", "Ahedfi.Component.Services.Infrastructure\Ahedfi.Component.Services.Infrastructure.csproj", "{C842EC5B-F755-447F-BB63-BD683BEC2DA7}"
EndProject
Project("{9A19103F-16F7-4668-BE54-9A1E7A4F7556}") = "Ahedfi.Component.Hosting.Infrastructure", "Ahedfi.Component.Hosting.Infrastructure\Ahedfi.Component.Hosting.Infrastructure.csproj", "{F1B12B1D-F331-45A6-80D6-60186EF73DFD}"
EndProject
Project("{2150E333-8FDC-42A3-9474-1A3956D46DE8}") = "Bootstrapper", "Bootstrapper", "{3514A47E-4C50-4A8A-B387-BA55F19E0602}"
EndProject
Project("{FAE04EC0-301F-11D3-BF4B-00C04F79EFBC}") = "Ahedfi.Component.Bootstrapper", "Ahedfi.Component.Bootstrapper\Ahedfi.Component.Bootstrapper.csproj", "{B9AE201B-B6D9-4EA9-9AA0-A7A968569F61}"
EndProject
Global
	GlobalSection(SolutionConfigurationPlatforms) = preSolution
		Debug|Any CPU = Debug|Any CPU
		Release|Any CPU = Release|Any CPU
	EndGlobalSection
	GlobalSection(ProjectConfigurationPlatforms) = postSolution
		{0AD3DA17-983C-4515-861D-0977246BE70B}.Debug|Any CPU.ActiveCfg = Debug|Any CPU
		{0AD3DA17-983C-4515-861D-0977246BE70B}.Debug|Any CPU.Build.0 = Debug|Any CPU
		{0AD3DA17-983C-4515-861D-0977246BE70B}.Release|Any CPU.ActiveCfg = Release|Any CPU
		{0AD3DA17-983C-4515-861D-0977246BE70B}.Release|Any CPU.Build.0 = Release|Any CPU
		{A7074BA3-37D7-4D3B-9751-5E581AD99EB8}.Debug|Any CPU.ActiveCfg = Debug|Any CPU
		{A7074BA3-37D7-4D3B-9751-5E581AD99EB8}.Debug|Any CPU.Build.0 = Debug|Any CPU
		{A7074BA3-37D7-4D3B-9751-5E581AD99EB8}.Release|Any CPU.ActiveCfg = Release|Any CPU
		{A7074BA3-37D7-4D3B-9751-5E581AD99EB8}.Release|Any CPU.Build.0 = Release|Any CPU
		{E71FA9D2-41E8-402D-B8C6-0B4D708E390D}.Debug|Any CPU.ActiveCfg = Debug|Any CPU
		{E71FA9D2-41E8-402D-B8C6-0B4D708E390D}.Debug|Any CPU.Build.0 = Debug|Any CPU
		{E71FA9D2-41E8-402D-B8C6-0B4D708E390D}.Release|Any CPU.ActiveCfg = Release|Any CPU
		{E71FA9D2-41E8-402D-B8C6-0B4D708E390D}.Release|Any CPU.Build.0 = Release|Any CPU
		{59C9ACBF-33A1-4472-B2C0-71F9633586AC}.Debug|Any CPU.ActiveCfg = Debug|Any CPU
		{59C9ACBF-33A1-4472-B2C0-71F9633586AC}.Debug|Any CPU.Build.0 = Debug|Any CPU
		{59C9ACBF-33A1-4472-B2C0-71F9633586AC}.Release|Any CPU.ActiveCfg = Release|Any CPU
		{59C9ACBF-33A1-4472-B2C0-71F9633586AC}.Release|Any CPU.Build.0 = Release|Any CPU
		{0C3E9F91-DCD3-4683-B989-96567AE299A4}.Debug|Any CPU.ActiveCfg = Debug|Any CPU
		{0C3E9F91-DCD3-4683-B989-96567AE299A4}.Debug|Any CPU.Build.0 = Debug|Any CPU
		{0C3E9F91-DCD3-4683-B989-96567AE299A4}.Release|Any CPU.ActiveCfg = Release|Any CPU
		{0C3E9F91-DCD3-4683-B989-96567AE299A4}.Release|Any CPU.Build.0 = Release|Any CPU
		{9C6BE9ED-6487-4307-92F1-A4329DF12E59}.Debug|Any CPU.ActiveCfg = Debug|Any CPU
		{9C6BE9ED-6487-4307-92F1-A4329DF12E59}.Debug|Any CPU.Build.0 = Debug|Any CPU
		{9C6BE9ED-6487-4307-92F1-A4329DF12E59}.Release|Any CPU.ActiveCfg = Release|Any CPU
		{9C6BE9ED-6487-4307-92F1-A4329DF12E59}.Release|Any CPU.Build.0 = Release|Any CPU
		{C842EC5B-F755-447F-BB63-BD683BEC2DA7}.Debug|Any CPU.ActiveCfg = Debug|Any CPU
		{C842EC5B-F755-447F-BB63-BD683BEC2DA7}.Debug|Any CPU.Build.0 = Debug|Any CPU
		{C842EC5B-F755-447F-BB63-BD683BEC2DA7}.Release|Any CPU.ActiveCfg = Release|Any CPU
		{C842EC5B-F755-447F-BB63-BD683BEC2DA7}.Release|Any CPU.Build.0 = Release|Any CPU
		{F1B12B1D-F331-45A6-80D6-60186EF73DFD}.Debug|Any CPU.ActiveCfg = Debug|Any CPU
		{F1B12B1D-F331-45A6-80D6-60186EF73DFD}.Debug|Any CPU.Build.0 = Debug|Any CPU
		{F1B12B1D-F331-45A6-80D6-60186EF73DFD}.Release|Any CPU.ActiveCfg = Release|Any CPU
		{F1B12B1D-F331-45A6-80D6-60186EF73DFD}.Release|Any CPU.Build.0 = Release|Any CPU
		{B9AE201B-B6D9-4EA9-9AA0-A7A968569F61}.Debug|Any CPU.ActiveCfg = Debug|Any CPU
		{B9AE201B-B6D9-4EA9-9AA0-A7A968569F61}.Debug|Any CPU.Build.0 = Debug|Any CPU
		{B9AE201B-B6D9-4EA9-9AA0-A7A968569F61}.Release|Any CPU.ActiveCfg = Release|Any CPU
		{B9AE201B-B6D9-4EA9-9AA0-A7A968569F61}.Release|Any CPU.Build.0 = Release|Any CPU
	EndGlobalSection
	GlobalSection(SolutionProperties) = preSolution
		HideSolutionNode = FALSE
	EndGlobalSection
	GlobalSection(NestedProjects) = preSolution
		{AB9BA6C4-03DC-4709-ABA0-F75CBD2C1B83} = {E6D1396D-6791-40F6-AB4C-684FA840D27D}
		{0AD3DA17-983C-4515-861D-0977246BE70B} = {AB9BA6C4-03DC-4709-ABA0-F75CBD2C1B83}
		{EB245CCE-92C4-4ACB-B43D-AF9530D97EBA} = {E6D1396D-6791-40F6-AB4C-684FA840D27D}
		{A7074BA3-37D7-4D3B-9751-5E581AD99EB8} = {EB245CCE-92C4-4ACB-B43D-AF9530D97EBA}
		{3EAE3BEA-781A-4734-9EE0-192F9926E9D5} = {E6D1396D-6791-40F6-AB4C-684FA840D27D}
		{E71FA9D2-41E8-402D-B8C6-0B4D708E390D} = {3EAE3BEA-781A-4734-9EE0-192F9926E9D5}
		{8BCD671D-F2BB-4DF1-9FB5-0E53ED4A06B5} = {E6D1396D-6791-40F6-AB4C-684FA840D27D}
		{59C9ACBF-33A1-4472-B2C0-71F9633586AC} = {8BCD671D-F2BB-4DF1-9FB5-0E53ED4A06B5}
		{0C3E9F91-DCD3-4683-B989-96567AE299A4} = {8BCD671D-F2BB-4DF1-9FB5-0E53ED4A06B5}
		{9C6BE9ED-6487-4307-92F1-A4329DF12E59} = {65047884-7F60-4062-B46D-B66FFAC8E677}
		{65047884-7F60-4062-B46D-B66FFAC8E677} = {E6D1396D-6791-40F6-AB4C-684FA840D27D}
		{C842EC5B-F755-447F-BB63-BD683BEC2DA7} = {65047884-7F60-4062-B46D-B66FFAC8E677}
		{F1B12B1D-F331-45A6-80D6-60186EF73DFD} = {AB9BA6C4-03DC-4709-ABA0-F75CBD2C1B83}
		{3514A47E-4C50-4A8A-B387-BA55F19E0602} = {E6D1396D-6791-40F6-AB4C-684FA840D27D}
		{B9AE201B-B6D9-4EA9-9AA0-A7A968569F61} = {3514A47E-4C50-4A8A-B387-BA55F19E0602}
	EndGlobalSection
	GlobalSection(ExtensibilityGlobals) = postSolution
		SolutionGuid = {513853A6-E410-45B4-9E0E-C701D24889BA}
	EndGlobalSection
EndGlobal
